
Microsoft Visual Studio Solution File, Format Version 12.00
# Visual Studio Version 17
VisualStudioVersion = 17.10.35122.118
MinimumVisualStudioVersion = 10.0.40219.1
Project("{FAE04EC0-301F-11D3-BF4B-00C04F79EFBC}") = "revisao_Algoritmos1", "revisao_Algoritmos1.csproj", "{F2760FCF-673E-4CCD-87F6-AFD6B92B6293}"
EndProject
Global
	GlobalSection(SolutionConfigurationPlatforms) = preSolution
		Debug|Any CPU = Debug|Any CPU
		Release|Any CPU = Release|Any CPU
	EndGlobalSection
	GlobalSection(ProjectConfigurationPlatforms) = postSolution
		{F2760FCF-673E-4CCD-87F6-AFD6B92B6293}.Debug|Any CPU.ActiveCfg = Debug|Any CPU
		{F2760FCF-673E-4CCD-87F6-AFD6B92B6293}.Debug|Any CPU.Build.0 = Debug|Any CPU
		{F2760FCF-673E-4CCD-87F6-AFD6B92B6293}.Release|Any CPU.ActiveCfg = Release|Any CPU
		{F2760FCF-673E-4CCD-87F6-AFD6B92B6293}.Release|Any CPU.Build.0 = Release|Any CPU
	EndGlobalSection
	GlobalSection(SolutionProperties) = preSolution
		HideSolutionNode = FALSE
	EndGlobalSection
	GlobalSection(ExtensibilityGlobals) = postSolution
		SolutionGuid = {B3465213-0785-4D9B-9E84-8A6C74B93DEB}
	EndGlobalSection
EndGlobal
